
Microsoft Visual Studio Solution File, Format Version 12.00
# Visual Studio Version 17
VisualStudioVersion = 17.14.36401.2
MinimumVisualStudioVersion = 10.0.40219.1
Project("{FAE04EC0-301F-11D3-BF4B-00C04F79EFBC}") = "Brotal.FireflyBuddy", "Brotal.FireflyBuddy\Brotal.FireflyBuddy.csproj", "{7CA5E262-7369-A127-B7B8-F25CC538AFA2}"
EndProject
Project("{FAE04EC0-301F-11D3-BF4B-00C04F79EFBC}") = "Brotal.FireflyIII", "Brotal.FireflyIII\src\Brotal.FireflyIII\Brotal.FireflyIII.csproj", "{86F61E1E-7FCA-E5D2-80A1-CADC7ECE2E27}"
EndProject
Project("{FAE04EC0-301F-11D3-BF4B-00C04F79EFBC}") = "Brotal.FireflyIII.Test", "Brotal.FireflyIII\src\Brotal.FireflyIII.Test\Brotal.FireflyIII.Test.csproj", "{9A18CC0F-88D8-5FF1-A4B9-012F59AF2557}"
EndProject
Global
	GlobalSection(SolutionConfigurationPlatforms) = preSolution
		Debug|Any CPU = Debug|Any CPU
		Release|Any CPU = Release|Any CPU
	EndGlobalSection
	GlobalSection(ProjectConfigurationPlatforms) = postSolution
		{7CA5E262-7369-A127-B7B8-F25CC538AFA2}.Debug|Any CPU.ActiveCfg = Debug|Any CPU
		{7CA5E262-7369-A127-B7B8-F25CC538AFA2}.Debug|Any CPU.Build.0 = Debug|Any CPU
		{7CA5E262-7369-A127-B7B8-F25CC538AFA2}.Release|Any CPU.ActiveCfg = Release|Any CPU
		{7CA5E262-7369-A127-B7B8-F25CC538AFA2}.Release|Any CPU.Build.0 = Release|Any CPU
		{86F61E1E-7FCA-E5D2-80A1-CADC7ECE2E27}.Debug|Any CPU.ActiveCfg = Debug|Any CPU
		{86F61E1E-7FCA-E5D2-80A1-CADC7ECE2E27}.Debug|Any CPU.Build.0 = Debug|Any CPU
		{86F61E1E-7FCA-E5D2-80A1-CADC7ECE2E27}.Release|Any CPU.ActiveCfg = Release|Any CPU
		{86F61E1E-7FCA-E5D2-80A1-CADC7ECE2E27}.Release|Any CPU.Build.0 = Release|Any CPU
		{9A18CC0F-88D8-5FF1-A4B9-012F59AF2557}.Debug|Any CPU.ActiveCfg = Debug|Any CPU
		{9A18CC0F-88D8-5FF1-A4B9-012F59AF2557}.Debug|Any CPU.Build.0 = Debug|Any CPU
		{9A18CC0F-88D8-5FF1-A4B9-012F59AF2557}.Release|Any CPU.ActiveCfg = Release|Any CPU
		{9A18CC0F-88D8-5FF1-A4B9-012F59AF2557}.Release|Any CPU.Build.0 = Release|Any CPU
	EndGlobalSection
	GlobalSection(SolutionProperties) = preSolution
		HideSolutionNode = FALSE
	EndGlobalSection
	GlobalSection(ExtensibilityGlobals) = postSolution
		SolutionGuid = {0EEF01D5-E1FA-4FFB-8CAA-E8F5660DBE1C}
	EndGlobalSection
EndGlobal
